
Microsoft Visual Studio Solution File, Format Version 12.00
# Visual Studio Version 17
VisualStudioVersion = 17.6.33829.357
MinimumVisualStudioVersion = 10.0.40219.1
Project("{9A19103F-16F7-4668-BE54-9A1E7A4F7556}") = "PowerplantCC.API", "PowerplantCC.API\PowerplantCC.API.csproj", "{50D8E103-536A-4889-915E-0E4B8DE3D490}"
EndProject
Project("{9A19103F-16F7-4668-BE54-9A1E7A4F7556}") = "PowerplantCC.Domain", "PowerplantCC.Domain\PowerplantCC.Domain.csproj", "{1D273D6D-F4D7-4B21-933A-8A25A1049CAD}"
EndProject
Project("{FAE04EC0-301F-11D3-BF4B-00C04F79EFBC}") = "PowerplantCC.API.Test", "PowerplantCC.API.Test\PowerplantCC.API.Test.csproj", "{C78F3FC7-91E6-44C1-AB54-CE24706FA8A0}"
EndProject
Global
	GlobalSection(SolutionConfigurationPlatforms) = preSolution
		Debug|Any CPU = Debug|Any CPU
		Release|Any CPU = Release|Any CPU
	EndGlobalSection
	GlobalSection(ProjectConfigurationPlatforms) = postSolution
		{50D8E103-536A-4889-915E-0E4B8DE3D490}.Debug|Any CPU.ActiveCfg = Debug|Any CPU
		{50D8E103-536A-4889-915E-0E4B8DE3D490}.Debug|Any CPU.Build.0 = Debug|Any CPU
		{50D8E103-536A-4889-915E-0E4B8DE3D490}.Release|Any CPU.ActiveCfg = Release|Any CPU
		{50D8E103-536A-4889-915E-0E4B8DE3D490}.Release|Any CPU.Build.0 = Release|Any CPU
		{1D273D6D-F4D7-4B21-933A-8A25A1049CAD}.Debug|Any CPU.ActiveCfg = Debug|Any CPU
		{1D273D6D-F4D7-4B21-933A-8A25A1049CAD}.Debug|Any CPU.Build.0 = Debug|Any CPU
		{1D273D6D-F4D7-4B21-933A-8A25A1049CAD}.Release|Any CPU.ActiveCfg = Release|Any CPU
		{1D273D6D-F4D7-4B21-933A-8A25A1049CAD}.Release|Any CPU.Build.0 = Release|Any CPU
		{C78F3FC7-91E6-44C1-AB54-CE24706FA8A0}.Debug|Any CPU.ActiveCfg = Debug|Any CPU
		{C78F3FC7-91E6-44C1-AB54-CE24706FA8A0}.Debug|Any CPU.Build.0 = Debug|Any CPU
		{C78F3FC7-91E6-44C1-AB54-CE24706FA8A0}.Release|Any CPU.ActiveCfg = Release|Any CPU
		{C78F3FC7-91E6-44C1-AB54-CE24706FA8A0}.Release|Any CPU.Build.0 = Release|Any CPU
	EndGlobalSection
	GlobalSection(SolutionProperties) = preSolution
		HideSolutionNode = FALSE
	EndGlobalSection
	GlobalSection(ExtensibilityGlobals) = postSolution
		SolutionGuid = {79EB40B8-E31E-4713-9DCF-32B44FDBD10B}
	EndGlobalSection
EndGlobal
